# This file is automatically @generated by Cargo.
# It is not intended for manual editing.
version = 3

[[package]]
name = "lc-0001-two-sum"
version = "0.1.0"

[[package]]
name = "lc-0002-add-two-numbers"
version = "0.1.0"

[[package]]
name = "lc-0003-longest-substring-without-repeating-characters"
version = "0.1.0"

[[package]]
name = "lc-0004-median-of-two-sorted-arrays"
version = "0.1.0"

[[package]]
name = "lc-0005-longest-palindromic-substring"
version = "0.1.0"

[[package]]
name = "lc-0007-reverse-integer"
version = "0.1.0"

[[package]]
name = "lc-0011-container-with-most-water"
version = "0.1.0"

[[package]]
name = "lc-0015-3sum"
version = "0.1.0"

[[package]]
name = "lc-0016-3sum-closest"
version = "0.1.0"

[[package]]
name = "lc-0018-4sum"
version = "0.1.0"

[[package]]
name = "lc-0026-remove-duplicates-from-sorted-array"
version = "0.1.0"

[[package]]
name = "lc-0027-remove-element"
version = "0.1.0"

[[package]]
name = "lc-0034-find-first-and-last-position-of-element-in-sorted-array"
version = "0.1.0"

[[package]]
name = "lc-0035-search-insert-position"
version = "0.1.0"

[[package]]
name = "lc-0036-valid-sudoku"
version = "0.1.0"

[[package]]
name = "lc-0053-maximum-subarray"
version = "0.1.0"

[[package]]
name = "lc-0066-plus-one"
version = "0.1.0"

[[package]]
name = "lc-0067-add-binary"
version = "0.1.0"

[[package]]
name = "lc-0069-sqrtx"
version = "0.1.0"

[[package]]
name = "lc-0075-sort-colors"
version = "0.1.0"

[[package]]
name = "lc-0078-subsets"
version = "0.1.0"

[[package]]
name = "lc-0083-remove-duplicates-from-sorted-list"
version = "0.1.0"

[[package]]
name = "lc-0088-merge-sorted-array"
version = "0.1.0"

[[package]]
name = "lc-0128-longest-consecutive-sequence"
version = "0.1.0"

[[package]]
name = "lc-0136-single-number"
version = "0.1.0"

[[package]]
name = "lc-0137-single-number-ii"
version = "0.1.0"

[[package]]
name = "lc-0191-number-of-1-bits"
version = "0.1.0"

[[package]]
name = "lc-0217-contains-duplicate"
version = "0.1.0"

[[package]]
name = "lc-0219-contains-duplicate-ii"
version = "0.1.0"

[[package]]
name = "lc-0220-contains-duplicate-iii"
version = "0.1.0"

[[package]]
name = "lc-0231-power-of-two"
version = "0.1.0"

[[package]]
name = "lc-0234-palindrome-linked-list"
version = "0.1.0"

[[package]]
name = "lc-0268-missing-number"
version = "0.1.0"

[[package]]
name = "lc-0326-power-of-three"
version = "0.1.0"

[[package]]
name = "lc-0338-counting-bits"
version = "0.1.0"

[[package]]
name = "lc-0342-power-of-four"
version = "0.1.0"

[[package]]
name = "lc-0367-valid-perfect-square"
version = "0.1.0"

[[package]]
name = "lc-0414-third-maximum-number"
version = "0.1.0"

[[package]]
name = "lc-0485-max-consecutive-ones"
version = "0.1.0"

[[package]]
name = "lc-0605-can-place-flowers"
version = "0.1.0"

[[package]]
name = "lc-0628-maximum-product-of-three-numbers"
version = "0.1.0"

[[package]]
name = "lc-0665-non-decreasing-array"
version = "0.1.0"

[[package]]
name = "lc-0925-long-pressed-name"
version = "0.1.0"

[[package]]
name = "lc-1114-print-in-order"
version = "0.1.0"

[[package]]
name = "lc-1115-print-foobar-alternately"
version = "0.1.0"

[[package]]
name = "lc-1116-print-zero-even-odd"
version = "0.1.0"

[[package]]
name = "lc-1117-building-h2o"
version = "0.1.0"

[[package]]
name = "lc-1195-fizz-buzz-multithreaded"
version = "0.1.0"

[[package]]
name = "lc-1446-consecutive-characters"
version = "0.1.0"

[[package]]
name = "lc-1518-water-bottles"
version = "0.1.0"

[[package]]
name = "lc-1780-check-if-number-is-a-sum-of-powers-of-three"
version = "0.1.0"

[[package]]
name = "lc-2119-a-number-after-a-double-reversal"
version = "0.1.0"

[[package]]
name = "lc-704-binary-search"
version = "0.1.0"
