# This file is automatically @generated by Cargo.
# It is not intended for manual editing.
version = 3

[[package]]
name = "flash"
version = "0.1.0"

[[package]]
name = "height-of-ternary-tree"
version = "0.1.0"

[[package]]
name = "od-e100-vlan"
version = "0.1.0"

[[package]]
name = "od-e200-filesystem"
version = "0.1.0"

[[package]]
name = "od-e200-push-numbers-into-stack"
version = "0.1.0"

[[package]]
name = "say-7"
version = "0.1.0"

[[package]]
name = "word-chain"
version = "0.1.0"
