# This file is automatically @generated by Cargo.
# It is not intended for manual editing.
version = 3

[[package]]
name = "e100-advanced-strstr"
version = "0.1.0"

[[package]]
name = "e100-anti-addict-system"
version = "0.1.0"

[[package]]
name = "e100-attendance"
version = "0.1.0"

[[package]]
name = "e100-automatic-exposure"
version = "0.1.0"

[[package]]
name = "e100-boss-income"
version = "0.1.0"

[[package]]
name = "e100-bulls-and-cows"
version = "0.1.0"

[[package]]
name = "e100-charade"
version = "0.1.0"

[[package]]
name = "e100-charging-equipment"
version = "0.1.0"

[[package]]
name = "e100-counting-goose"
version = "0.1.0"

[[package]]
name = "e100-data-collection-system"
version = "0.1.0"

[[package]]
name = "e100-drawing-machine"
version = "0.1.0"

[[package]]
name = "e100-financial-game"
version = "0.1.0"

[[package]]
name = "e100-find-destination"
version = "0.1.0"

[[package]]
name = "e100-flash"
version = "0.1.0"

[[package]]
name = "e100-greedy-merchant"
version = "0.1.0"

[[package]]
name = "e100-height-of-ternary-tree"
version = "0.1.0"

[[package]]
name = "e100-hopscotch"
version = "0.1.0"

[[package]]
name = "e100-input-method"
version = "0.1.0"

[[package]]
name = "e100-kth-permutation"
version = "0.1.0"

[[package]]
name = "e100-leftmost-redundant-overlay-substring"
version = "0.1.0"

[[package]]
name = "e100-length-of-continous-letters"
version = "0.1.0"

[[package]]
name = "e100-longest-consecutive-sequence"
version = "0.1.0"

[[package]]
name = "e100-maximum-reward"
version = "0.1.0"

[[package]]
name = "e100-minimum-sum"
version = "0.1.0"

[[package]]
name = "e100-number-of-squares"
version = "0.1.0"

[[package]]
name = "e100-replant-populus"
version = "0.1.0"

[[package]]
name = "e100-response-time-of-message"
version = "0.1.0"

[[package]]
name = "e100-say-7"
version = "0.1.0"

[[package]]
name = "e100-scores"
version = "0.1.0"

[[package]]
name = "e100-share-candy"
version = "0.1.0"

[[package]]
name = "e100-sharing-apples"
version = "0.1.0"

[[package]]
name = "e100-special-deque"
version = "0.1.0"

[[package]]
name = "e100-splice-array"
version = "0.1.0"

[[package]]
name = "e100-string-conversion"
version = "0.1.0"

[[package]]
name = "e100-string-encryption"
version = "0.1.0"

[[package]]
name = "e100-string-split"
version = "0.1.0"

[[package]]
name = "e100-tall-and-short-line-up"
version = "0.1.0"

[[package]]
name = "e100-taxi-billing"
version = "0.1.0"

[[package]]
name = "e100-vlan"
version = "0.1.0"

[[package]]
name = "e100-wondering-earth"
version = "0.1.0"

[[package]]
name = "e100-word-chain"
version = "0.1.0"

[[package]]
name = "e200-monkey-eats-peach"
version = "0.1.0"

[[package]]
name = "e200-moving-area-of-robot"
version = "0.1.0"

[[package]]
name = "od-e200-filesystem"
version = "0.1.0"

[[package]]
name = "od-e200-push-numbers-into-stack"
version = "0.1.0"
